// !$*UTF8*$!
{
	archiveVersion = 1;
	classes = {
	};
	objectVersion = 56;
	objects = {

/* Begin PBXBuildFile section */
		328DDD1C2C9BC1D500937126 /* ChartView.swift in Sources */ = {isa = PBXBuildFile; fileRef = 328DDD1B2C9BC1D500937126 /* ChartView.swift */; };
		328DDD1E2C9BD6A900937126 /* Summary.swift in Sources */ = {isa = PBXBuildFile; fileRef = 328DDD1D2C9BD6A900937126 /* Summary.swift */; };
		32A6B55F2C96886400F48E56 /* GroupingDataView.swift in Sources */ = {isa = PBXBuildFile; fileRef = 32A6B55E2C96886400F48E56 /* GroupingDataView.swift */; };
		32A6B5612C96887400F48E56 /* ExplainationView.swift in Sources */ = {isa = PBXBuildFile; fileRef = 32A6B5602C96887400F48E56 /* ExplainationView.swift */; };
		32A6B56A2C96920B00F48E56 /* CustomNavigationBar.swift in Sources */ = {isa = PBXBuildFile; fileRef = 32A6B5692C96920B00F48E56 /* CustomNavigationBar.swift */; };
		8A4B8DFC2CAFA11E004A6BD1 /* JourneyView.swift in Sources */ = {isa = PBXBuildFile; fileRef = 8A4B8DFB2CAFA11E004A6BD1 /* JourneyView.swift */; };
		BF0C59532C97A4D6000E0875 /* Font.swift in Sources */ = {isa = PBXBuildFile; fileRef = BF0C59522C97A4D6000E0875 /* Font.swift */; };
		BF0C59572C97B266000E0875 /* RedHatDisplay-Bold.ttf in Resources */ = {isa = PBXBuildFile; fileRef = BF0C59562C97B266000E0875 /* RedHatDisplay-Bold.ttf */; };
		BF0C595B2C97BB7A000E0875 /* Constants.swift in Sources */ = {isa = PBXBuildFile; fileRef = BF0C595A2C97BB7A000E0875 /* Constants.swift */; };
		BF0C595E2C97BCFE000E0875 /* SuggestionsCapsules.swift in Sources */ = {isa = PBXBuildFile; fileRef = BF0C595D2C97BCFE000E0875 /* SuggestionsCapsules.swift */; };
		BF0C59602C97E52B000E0875 /* LandscapeInfoCard.swift in Sources */ = {isa = PBXBuildFile; fileRef = BF0C595F2C97E52B000E0875 /* LandscapeInfoCard.swift */; };
		BF0C59652C97F7A5000E0875 /* SmallGraph.swift in Sources */ = {isa = PBXBuildFile; fileRef = BF0C59642C97F7A5000E0875 /* SmallGraph.swift */; };
		BF0C59672C990D6F000E0875 /* Insights.swift in Sources */ = {isa = PBXBuildFile; fileRef = BF0C59662C990D6F000E0875 /* Insights.swift */; };
		BF409D6D2CA646D5000A77E5 /* ObjectiveNotification.swift in Sources */ = {isa = PBXBuildFile; fileRef = BF409D6C2CA646D5000A77E5 /* ObjectiveNotification.swift */; };
		BF409D712CA64825000A77E5 /* ScoreEmojiView.swift in Sources */ = {isa = PBXBuildFile; fileRef = BF409D702CA64825000A77E5 /* ScoreEmojiView.swift */; };
		BF8021A22CAD163900C9C86D /* ProfileView.swift in Sources */ = {isa = PBXBuildFile; fileRef = BF8021A12CAD163900C9C86D /* ProfileView.swift */; };
		BF9F9B962C979ACA00B479B1 /* ColorExtensions.swift in Sources */ = {isa = PBXBuildFile; fileRef = BF9F9B952C979ACA00B479B1 /* ColorExtensions.swift */; };
		BFB26D992CAD237B00E41F1B /* ObjectiveSetView.swift in Sources */ = {isa = PBXBuildFile; fileRef = BFB26D982CAD237B00E41F1B /* ObjectiveSetView.swift */; };
		BFB26D9B2CAD4B8C00E41F1B /* DailyObjectives.swift in Sources */ = {isa = PBXBuildFile; fileRef = BFB26D9A2CAD4B8C00E41F1B /* DailyObjectives.swift */; };
		BFB26DA02CAD4CDB00E41F1B /* ObjectiveViewModel.swift in Sources */ = {isa = PBXBuildFile; fileRef = BFB26D9F2CAD4CD900E41F1B /* ObjectiveViewModel.swift */; };
		BFF6297B2C9BE33C0072C6CD /* HealthManager.swift in Sources */ = {isa = PBXBuildFile; fileRef = BFF6297A2C9BE33C0072C6CD /* HealthManager.swift */; };
		F11A06D32CA39F6200080164 /* PhotoView.swift in Sources */ = {isa = PBXBuildFile; fileRef = F11A06D22CA39F6200080164 /* PhotoView.swift */; };
		F16264522CB24827007157B4 /* LocationView.swift in Sources */ = {isa = PBXBuildFile; fileRef = F16264512CB24827007157B4 /* LocationView.swift */; };
		F194148E2CA449F800B291BC /* PhotoButtonView.swift in Sources */ = {isa = PBXBuildFile; fileRef = F194148D2CA449F800B291BC /* PhotoButtonView.swift */; };
		F1A26AD12CB23BFC009B8BCA /* LocationManager.swift in Sources */ = {isa = PBXBuildFile; fileRef = F1A26AD02CB23BFC009B8BCA /* LocationManager.swift */; };
		F1DF4BD32C9591D80021FE1D /* MobileAppNiuApp.swift in Sources */ = {isa = PBXBuildFile; fileRef = F1DF4BD22C9591D80021FE1D /* MobileAppNiuApp.swift */; };
		F1DF4BD52C9591D80021FE1D /* ContentView.swift in Sources */ = {isa = PBXBuildFile; fileRef = F1DF4BD42C9591D80021FE1D /* ContentView.swift */; };
		F1DF4BD72C9591D90021FE1D /* Assets.xcassets in Resources */ = {isa = PBXBuildFile; fileRef = F1DF4BD62C9591D90021FE1D /* Assets.xcassets */; };
		F1DF4BDA2C9591D90021FE1D /* Preview Assets.xcassets in Resources */ = {isa = PBXBuildFile; fileRef = F1DF4BD92C9591D90021FE1D /* Preview Assets.xcassets */; };
		F1DF4BE42C9591D90021FE1D /* MobileAppNiuTests.swift in Sources */ = {isa = PBXBuildFile; fileRef = F1DF4BE32C9591D90021FE1D /* MobileAppNiuTests.swift */; };
		F1DF4BEE2C9591D90021FE1D /* MobileAppNiuUITests.swift in Sources */ = {isa = PBXBuildFile; fileRef = F1DF4BED2C9591D90021FE1D /* MobileAppNiuUITests.swift */; };
		F1DF4BF02C9591D90021FE1D /* MobileAppNiuUITestsLaunchTests.swift in Sources */ = {isa = PBXBuildFile; fileRef = F1DF4BEF2C9591D90021FE1D /* MobileAppNiuUITestsLaunchTests.swift */; };
		F1DF4C072C95A18C0021FE1D /* AppleSignInView.swift in Sources */ = {isa = PBXBuildFile; fileRef = F1DF4C062C95A18C0021FE1D /* AppleSignInView.swift */; };
		F1DF4C0C2C95A21F0021FE1D /* LoginView.swift in Sources */ = {isa = PBXBuildFile; fileRef = F1DF4C0B2C95A21F0021FE1D /* LoginView.swift */; };
		F1DF4C0E2C95AEE90021FE1D /* HomeView.swift in Sources */ = {isa = PBXBuildFile; fileRef = F1DF4C0D2C95AEE90021FE1D /* HomeView.swift */; };
		F1DF4C142C95B88F0021FE1D /* GoogleService-Info.plist in Resources */ = {isa = PBXBuildFile; fileRef = F1DF4C132C95B88F0021FE1D /* GoogleService-Info.plist */; };
		F1DF4C172C95B8BA0021FE1D /* FirebaseAuth in Frameworks */ = {isa = PBXBuildFile; productRef = F1DF4C162C95B8BA0021FE1D /* FirebaseAuth */; };
		F1F28E452C9D1AB400A82BDE /* SummaryBoxView.swift in Sources */ = {isa = PBXBuildFile; fileRef = F1F28E442C9D1AB400A82BDE /* SummaryBoxView.swift */; };
		F1F28E472C9D1AD700A82BDE /* SummaryBoxesView.swift in Sources */ = {isa = PBXBuildFile; fileRef = F1F28E462C9D1AD700A82BDE /* SummaryBoxesView.swift */; };
		F1F28E4A2C9D1DBD00A82BDE /* CalendarView.swift in Sources */ = {isa = PBXBuildFile; fileRef = F1F28E492C9D1DBD00A82BDE /* CalendarView.swift */; };
		F1F28E4E2C9D248B00A82BDE /* Date+Extension.swift in Sources */ = {isa = PBXBuildFile; fileRef = F1F28E4D2C9D248B00A82BDE /* Date+Extension.swift */; };
		F1F28E522C9DB7E700A82BDE /* BackgroundView.swift in Sources */ = {isa = PBXBuildFile; fileRef = F1F28E512C9DB7E700A82BDE /* BackgroundView.swift */; };
		F1F28E562C9DBBDA00A82BDE /* LogoutView.swift in Sources */ = {isa = PBXBuildFile; fileRef = F1F28E552C9DBBDA00A82BDE /* LogoutView.swift */; };
		F1F28E582C9EFD2800A82BDE /* CircleChartView.swift in Sources */ = {isa = PBXBuildFile; fileRef = F1F28E572C9EFD2800A82BDE /* CircleChartView.swift */; };
		F1F28E5C2C9F069400A82BDE /* PieView.swift in Sources */ = {isa = PBXBuildFile; fileRef = F1F28E5B2C9F069400A82BDE /* PieView.swift */; };
		F1F28E602C9F0F8400A82BDE /* DateHomeView.swift in Sources */ = {isa = PBXBuildFile; fileRef = F1F28E5F2C9F0F8400A82BDE /* DateHomeView.swift */; };
		F1F28E642C9FB26300A82BDE /* PieHomeView.swift in Sources */ = {isa = PBXBuildFile; fileRef = F1F28E632C9FB26300A82BDE /* PieHomeView.swift */; };
/* End PBXBuildFile section */

/* Begin PBXContainerItemProxy section */
		F1DF4BE02C9591D90021FE1D /* PBXContainerItemProxy */ = {
			isa = PBXContainerItemProxy;
			containerPortal = F1DF4BC72C9591D80021FE1D /* Project object */;
			proxyType = 1;
			remoteGlobalIDString = F1DF4BCE2C9591D80021FE1D;
			remoteInfo = MobileAppNiu;
		};
		F1DF4BEA2C9591D90021FE1D /* PBXContainerItemProxy */ = {
			isa = PBXContainerItemProxy;
			containerPortal = F1DF4BC72C9591D80021FE1D /* Project object */;
			proxyType = 1;
			remoteGlobalIDString = F1DF4BCE2C9591D80021FE1D;
			remoteInfo = MobileAppNiu;
		};
/* End PBXContainerItemProxy section */

/* Begin PBXFileReference section */
		328DDD1B2C9BC1D500937126 /* ChartView.swift */ = {isa = PBXFileReference; lastKnownFileType = sourcecode.swift; path = ChartView.swift; sourceTree = "<group>"; };
		328DDD1D2C9BD6A900937126 /* Summary.swift */ = {isa = PBXFileReference; lastKnownFileType = sourcecode.swift; path = Summary.swift; sourceTree = "<group>"; };
		32A6B55E2C96886400F48E56 /* GroupingDataView.swift */ = {isa = PBXFileReference; lastKnownFileType = sourcecode.swift; path = GroupingDataView.swift; sourceTree = "<group>"; };
		32A6B5602C96887400F48E56 /* ExplainationView.swift */ = {isa = PBXFileReference; lastKnownFileType = sourcecode.swift; path = ExplainationView.swift; sourceTree = "<group>"; };
		32A6B5692C96920B00F48E56 /* CustomNavigationBar.swift */ = {isa = PBXFileReference; lastKnownFileType = sourcecode.swift; path = CustomNavigationBar.swift; sourceTree = "<group>"; };
		8A4B8DFB2CAFA11E004A6BD1 /* JourneyView.swift */ = {isa = PBXFileReference; lastKnownFileType = sourcecode.swift; path = JourneyView.swift; sourceTree = "<group>"; };
		BF0C59522C97A4D6000E0875 /* Font.swift */ = {isa = PBXFileReference; lastKnownFileType = sourcecode.swift; path = Font.swift; sourceTree = "<group>"; };
		BF0C59552C97A5BD000E0875 /* Info.plist */ = {isa = PBXFileReference; lastKnownFileType = text.plist; path = Info.plist; sourceTree = "<group>"; };
		BF0C59562C97B266000E0875 /* RedHatDisplay-Bold.ttf */ = {isa = PBXFileReference; lastKnownFileType = file; path = "RedHatDisplay-Bold.ttf"; sourceTree = "<group>"; };
		BF0C59582C97B4B4000E0875 /* RedHatDisplay-Regular.ttf */ = {isa = PBXFileReference; lastKnownFileType = file; path = "RedHatDisplay-Regular.ttf"; sourceTree = "<group>"; };
		BF0C59592C97B4C1000E0875 /* Roboto-Regular.ttf */ = {isa = PBXFileReference; lastKnownFileType = file; path = "Roboto-Regular.ttf"; sourceTree = "<group>"; };
		BF0C595A2C97BB7A000E0875 /* Constants.swift */ = {isa = PBXFileReference; lastKnownFileType = sourcecode.swift; path = Constants.swift; sourceTree = "<group>"; };
		BF0C595D2C97BCFE000E0875 /* SuggestionsCapsules.swift */ = {isa = PBXFileReference; lastKnownFileType = sourcecode.swift; path = SuggestionsCapsules.swift; sourceTree = "<group>"; };
		BF0C595F2C97E52B000E0875 /* LandscapeInfoCard.swift */ = {isa = PBXFileReference; lastKnownFileType = sourcecode.swift; path = LandscapeInfoCard.swift; sourceTree = "<group>"; };
		BF0C59642C97F7A5000E0875 /* SmallGraph.swift */ = {isa = PBXFileReference; lastKnownFileType = sourcecode.swift; path = SmallGraph.swift; sourceTree = "<group>"; };
		BF0C59662C990D6F000E0875 /* Insights.swift */ = {isa = PBXFileReference; lastKnownFileType = sourcecode.swift; path = Insights.swift; sourceTree = "<group>"; };
		BF409D6C2CA646D5000A77E5 /* ObjectiveNotification.swift */ = {isa = PBXFileReference; lastKnownFileType = sourcecode.swift; path = ObjectiveNotification.swift; sourceTree = "<group>"; };
		BF409D702CA64825000A77E5 /* ScoreEmojiView.swift */ = {isa = PBXFileReference; lastKnownFileType = sourcecode.swift; path = ScoreEmojiView.swift; sourceTree = "<group>"; };
		BF8021A12CAD163900C9C86D /* ProfileView.swift */ = {isa = PBXFileReference; lastKnownFileType = sourcecode.swift; path = ProfileView.swift; sourceTree = "<group>"; };
		BF9F9B952C979ACA00B479B1 /* ColorExtensions.swift */ = {isa = PBXFileReference; lastKnownFileType = sourcecode.swift; path = ColorExtensions.swift; sourceTree = "<group>"; };
		BFB26D982CAD237B00E41F1B /* ObjectiveSetView.swift */ = {isa = PBXFileReference; lastKnownFileType = sourcecode.swift; path = ObjectiveSetView.swift; sourceTree = "<group>"; };
		BFB26D9A2CAD4B8C00E41F1B /* DailyObjectives.swift */ = {isa = PBXFileReference; lastKnownFileType = sourcecode.swift; path = DailyObjectives.swift; sourceTree = "<group>"; };
		BFB26D9F2CAD4CD900E41F1B /* ObjectiveViewModel.swift */ = {isa = PBXFileReference; lastKnownFileType = sourcecode.swift; path = ObjectiveViewModel.swift; sourceTree = "<group>"; };
		BFF6297A2C9BE33C0072C6CD /* HealthManager.swift */ = {isa = PBXFileReference; lastKnownFileType = sourcecode.swift; path = HealthManager.swift; sourceTree = "<group>"; };
		F11A06D22CA39F6200080164 /* PhotoView.swift */ = {isa = PBXFileReference; lastKnownFileType = sourcecode.swift; path = PhotoView.swift; sourceTree = "<group>"; };
		F16264512CB24827007157B4 /* LocationView.swift */ = {isa = PBXFileReference; lastKnownFileType = sourcecode.swift; path = LocationView.swift; sourceTree = "<group>"; };
		F194148D2CA449F800B291BC /* PhotoButtonView.swift */ = {isa = PBXFileReference; lastKnownFileType = sourcecode.swift; path = PhotoButtonView.swift; sourceTree = "<group>"; };
		F1A26AD02CB23BFC009B8BCA /* LocationManager.swift */ = {isa = PBXFileReference; lastKnownFileType = sourcecode.swift; path = LocationManager.swift; sourceTree = "<group>"; };
		F1DF4BCF2C9591D80021FE1D /* MobileAppNiu.app */ = {isa = PBXFileReference; explicitFileType = wrapper.application; includeInIndex = 0; path = MobileAppNiu.app; sourceTree = BUILT_PRODUCTS_DIR; };
		F1DF4BD22C9591D80021FE1D /* MobileAppNiuApp.swift */ = {isa = PBXFileReference; lastKnownFileType = sourcecode.swift; path = MobileAppNiuApp.swift; sourceTree = "<group>"; };
		F1DF4BD42C9591D80021FE1D /* ContentView.swift */ = {isa = PBXFileReference; lastKnownFileType = sourcecode.swift; path = ContentView.swift; sourceTree = "<group>"; };
		F1DF4BD62C9591D90021FE1D /* Assets.xcassets */ = {isa = PBXFileReference; lastKnownFileType = folder.assetcatalog; path = Assets.xcassets; sourceTree = "<group>"; };
		F1DF4BD92C9591D90021FE1D /* Preview Assets.xcassets */ = {isa = PBXFileReference; lastKnownFileType = folder.assetcatalog; path = "Preview Assets.xcassets"; sourceTree = "<group>"; };
		F1DF4BDF2C9591D90021FE1D /* MobileAppNiuTests.xctest */ = {isa = PBXFileReference; explicitFileType = wrapper.cfbundle; includeInIndex = 0; path = MobileAppNiuTests.xctest; sourceTree = BUILT_PRODUCTS_DIR; };
		F1DF4BE32C9591D90021FE1D /* MobileAppNiuTests.swift */ = {isa = PBXFileReference; lastKnownFileType = sourcecode.swift; path = MobileAppNiuTests.swift; sourceTree = "<group>"; };
		F1DF4BE92C9591D90021FE1D /* MobileAppNiuUITests.xctest */ = {isa = PBXFileReference; explicitFileType = wrapper.cfbundle; includeInIndex = 0; path = MobileAppNiuUITests.xctest; sourceTree = BUILT_PRODUCTS_DIR; };
		F1DF4BED2C9591D90021FE1D /* MobileAppNiuUITests.swift */ = {isa = PBXFileReference; lastKnownFileType = sourcecode.swift; path = MobileAppNiuUITests.swift; sourceTree = "<group>"; };
		F1DF4BEF2C9591D90021FE1D /* MobileAppNiuUITestsLaunchTests.swift */ = {isa = PBXFileReference; lastKnownFileType = sourcecode.swift; path = MobileAppNiuUITestsLaunchTests.swift; sourceTree = "<group>"; };
		F1DF4C052C959EEC0021FE1D /* MobileAppNiu.entitlements */ = {isa = PBXFileReference; lastKnownFileType = text.plist.entitlements; path = MobileAppNiu.entitlements; sourceTree = "<group>"; };
		F1DF4C062C95A18C0021FE1D /* AppleSignInView.swift */ = {isa = PBXFileReference; lastKnownFileType = sourcecode.swift; path = AppleSignInView.swift; sourceTree = "<group>"; };
		F1DF4C0B2C95A21F0021FE1D /* LoginView.swift */ = {isa = PBXFileReference; lastKnownFileType = sourcecode.swift; path = LoginView.swift; sourceTree = "<group>"; };
		F1DF4C0D2C95AEE90021FE1D /* HomeView.swift */ = {isa = PBXFileReference; lastKnownFileType = sourcecode.swift; path = HomeView.swift; sourceTree = "<group>"; };
		F1DF4C132C95B88F0021FE1D /* GoogleService-Info.plist */ = {isa = PBXFileReference; fileEncoding = 4; lastKnownFileType = text.plist.xml; path = "GoogleService-Info.plist"; sourceTree = "<group>"; };
		F1F28E442C9D1AB400A82BDE /* SummaryBoxView.swift */ = {isa = PBXFileReference; lastKnownFileType = sourcecode.swift; path = SummaryBoxView.swift; sourceTree = "<group>"; };
		F1F28E462C9D1AD700A82BDE /* SummaryBoxesView.swift */ = {isa = PBXFileReference; lastKnownFileType = sourcecode.swift; path = SummaryBoxesView.swift; sourceTree = "<group>"; };
		F1F28E492C9D1DBD00A82BDE /* CalendarView.swift */ = {isa = PBXFileReference; lastKnownFileType = sourcecode.swift; path = CalendarView.swift; sourceTree = "<group>"; };
		F1F28E4D2C9D248B00A82BDE /* Date+Extension.swift */ = {isa = PBXFileReference; lastKnownFileType = sourcecode.swift; path = "Date+Extension.swift"; sourceTree = "<group>"; };
		F1F28E512C9DB7E700A82BDE /* BackgroundView.swift */ = {isa = PBXFileReference; lastKnownFileType = sourcecode.swift; path = BackgroundView.swift; sourceTree = "<group>"; };
		F1F28E552C9DBBDA00A82BDE /* LogoutView.swift */ = {isa = PBXFileReference; lastKnownFileType = sourcecode.swift; path = LogoutView.swift; sourceTree = "<group>"; };
		F1F28E572C9EFD2800A82BDE /* CircleChartView.swift */ = {isa = PBXFileReference; lastKnownFileType = sourcecode.swift; path = CircleChartView.swift; sourceTree = "<group>"; };
		F1F28E5B2C9F069400A82BDE /* PieView.swift */ = {isa = PBXFileReference; lastKnownFileType = sourcecode.swift; path = PieView.swift; sourceTree = "<group>"; };
		F1F28E5F2C9F0F8400A82BDE /* DateHomeView.swift */ = {isa = PBXFileReference; lastKnownFileType = sourcecode.swift; path = DateHomeView.swift; sourceTree = "<group>"; };
		F1F28E632C9FB26300A82BDE /* PieHomeView.swift */ = {isa = PBXFileReference; lastKnownFileType = sourcecode.swift; path = PieHomeView.swift; sourceTree = "<group>"; };
/* End PBXFileReference section */

/* Begin PBXFrameworksBuildPhase section */
		F1DF4BCC2C9591D80021FE1D /* Frameworks */ = {
			isa = PBXFrameworksBuildPhase;
			buildActionMask = 2147483647;
			files = (
				F1DF4C172C95B8BA0021FE1D /* FirebaseAuth in Frameworks */,
			);
			runOnlyForDeploymentPostprocessing = 0;
		};
		F1DF4BDC2C9591D90021FE1D /* Frameworks */ = {
			isa = PBXFrameworksBuildPhase;
			buildActionMask = 2147483647;
			files = (
			);
			runOnlyForDeploymentPostprocessing = 0;
		};
		F1DF4BE62C9591D90021FE1D /* Frameworks */ = {
			isa = PBXFrameworksBuildPhase;
			buildActionMask = 2147483647;
			files = (
			);
			runOnlyForDeploymentPostprocessing = 0;
		};
/* End PBXFrameworksBuildPhase section */

/* Begin PBXGroup section */
		328DDD182C9BC16400937126 /* Component */ = {
			isa = PBXGroup;
			children = (
				BF0C595D2C97BCFE000E0875 /* SuggestionsCapsules.swift */,
				32A6B5602C96887400F48E56 /* ExplainationView.swift */,
				32A6B5692C96920B00F48E56 /* CustomNavigationBar.swift */,
				BF0C59662C990D6F000E0875 /* Insights.swift */,
				BF0C59642C97F7A5000E0875 /* SmallGraph.swift */,
				BF0C595F2C97E52B000E0875 /* LandscapeInfoCard.swift */,
				328DDD1D2C9BD6A900937126 /* Summary.swift */,
				328DDD1B2C9BC1D500937126 /* ChartView.swift */,
				F1F28E442C9D1AB400A82BDE /* SummaryBoxView.swift */,
				F1F28E462C9D1AD700A82BDE /* SummaryBoxesView.swift */,
				F1F28E492C9D1DBD00A82BDE /* CalendarView.swift */,
				F1F28E4D2C9D248B00A82BDE /* Date+Extension.swift */,
				F1F28E572C9EFD2800A82BDE /* CircleChartView.swift */,
				F1F28E5B2C9F069400A82BDE /* PieView.swift */,
				BF409D6C2CA646D5000A77E5 /* ObjectiveNotification.swift */,
				F1F28E5F2C9F0F8400A82BDE /* DateHomeView.swift */,
				F1F28E632C9FB26300A82BDE /* PieHomeView.swift */,
				F11A06D22CA39F6200080164 /* PhotoView.swift */,
				F194148D2CA449F800B291BC /* PhotoButtonView.swift */,
				BF409D702CA64825000A77E5 /* ScoreEmojiView.swift */,
				F16264512CB24827007157B4 /* LocationView.swift */,
			);
			path = Component;
			sourceTree = "<group>";
		};
		BF0C59542C97A4E8000E0875 /* Colour and Font */ = {
			isa = PBXGroup;
			children = (
				BF0C59592C97B4C1000E0875 /* Roboto-Regular.ttf */,
				BF0C59582C97B4B4000E0875 /* RedHatDisplay-Regular.ttf */,
				BF0C59562C97B266000E0875 /* RedHatDisplay-Bold.ttf */,
				BF9F9B952C979ACA00B479B1 /* ColorExtensions.swift */,
				BF0C59522C97A4D6000E0875 /* Font.swift */,
			);
			path = "Colour and Font";
			sourceTree = "<group>";
		};
		BF0C595C2C97BB7D000E0875 /* Helpers */ = {
			isa = PBXGroup;
			children = (
				BF0C59542C97A4E8000E0875 /* Colour and Font */,
				BF0C595A2C97BB7A000E0875 /* Constants.swift */,
			);
			path = Helpers;
			sourceTree = "<group>";
		};
		BFB26D9C2CAD4B9200E41F1B /* Model */ = {
			isa = PBXGroup;
			children = (
				BFB26D9F2CAD4CD900E41F1B /* ObjectiveViewModel.swift */,
				BFB26D9A2CAD4B8C00E41F1B /* DailyObjectives.swift */,
			);
			path = Model;
			sourceTree = "<group>";
		};
		F1DF4BC62C9591D80021FE1D = {
			isa = PBXGroup;
			children = (
				F1DF4BD12C9591D80021FE1D /* MobileAppNiu */,
				F1DF4BE22C9591D90021FE1D /* MobileAppNiuTests */,
				F1DF4BEC2C9591D90021FE1D /* MobileAppNiuUITests */,
				F1DF4BD02C9591D80021FE1D /* Products */,
			);
			sourceTree = "<group>";
		};
		F1DF4BD02C9591D80021FE1D /* Products */ = {
			isa = PBXGroup;
			children = (
				F1DF4BCF2C9591D80021FE1D /* MobileAppNiu.app */,
				F1DF4BDF2C9591D90021FE1D /* MobileAppNiuTests.xctest */,
				F1DF4BE92C9591D90021FE1D /* MobileAppNiuUITests.xctest */,
			);
			name = Products;
			sourceTree = "<group>";
		};
		F1DF4BD12C9591D80021FE1D /* MobileAppNiu */ = {
			isa = PBXGroup;
			children = (
				328DDD182C9BC16400937126 /* Component */,
				BF0C59552C97A5BD000E0875 /* Info.plist */,
				F1DF4C132C95B88F0021FE1D /* GoogleService-Info.plist */,
				F1DF4C082C95A1B10021FE1D /* View */,
				F1DF4BD22C9591D80021FE1D /* MobileAppNiuApp.swift */,
				F1DF4BD42C9591D80021FE1D /* ContentView.swift */,
				F1DF4C062C95A18C0021FE1D /* AppleSignInView.swift */,
				F1DF4BD62C9591D90021FE1D /* Assets.xcassets */,
				F1DF4C052C959EEC0021FE1D /* MobileAppNiu.entitlements */,
				F1DF4BD82C9591D90021FE1D /* Preview Content */,
				BF0C595C2C97BB7D000E0875 /* Helpers */,
				BFF6297A2C9BE33C0072C6CD /* HealthManager.swift */,
				BFB26D9C2CAD4B9200E41F1B /* Model */,
				F1A26AD02CB23BFC009B8BCA /* LocationManager.swift */,
			);
			path = MobileAppNiu;
			sourceTree = "<group>";
		};
		F1DF4BD82C9591D90021FE1D /* Preview Content */ = {
			isa = PBXGroup;
			children = (
				F1DF4BD92C9591D90021FE1D /* Preview Assets.xcassets */,
			);
			path = "Preview Content";
			sourceTree = "<group>";
		};
		F1DF4BE22C9591D90021FE1D /* MobileAppNiuTests */ = {
			isa = PBXGroup;
			children = (
				F1DF4BE32C9591D90021FE1D /* MobileAppNiuTests.swift */,
			);
			path = MobileAppNiuTests;
			sourceTree = "<group>";
		};
		F1DF4BEC2C9591D90021FE1D /* MobileAppNiuUITests */ = {
			isa = PBXGroup;
			children = (
				F1DF4BED2C9591D90021FE1D /* MobileAppNiuUITests.swift */,
				F1DF4BEF2C9591D90021FE1D /* MobileAppNiuUITestsLaunchTests.swift */,
			);
			path = MobileAppNiuUITests;
			sourceTree = "<group>";
		};
		F1DF4C082C95A1B10021FE1D /* View */ = {
			isa = PBXGroup;
			children = (
				F1F28E512C9DB7E700A82BDE /* BackgroundView.swift */,
				F1DF4C0B2C95A21F0021FE1D /* LoginView.swift */,
				F1DF4C0D2C95AEE90021FE1D /* HomeView.swift */,
				32A6B55E2C96886400F48E56 /* GroupingDataView.swift */,
				F1F28E552C9DBBDA00A82BDE /* LogoutView.swift */,
				BF8021A12CAD163900C9C86D /* ProfileView.swift */,
				BFB26D982CAD237B00E41F1B /* ObjectiveSetView.swift */,
				8A4B8DFB2CAFA11E004A6BD1 /* JourneyView.swift */,
			);
			path = View;
			sourceTree = "<group>";
		};
/* End PBXGroup section */

/* Begin PBXNativeTarget section */
		F1DF4BCE2C9591D80021FE1D /* MobileAppNiu */ = {
			isa = PBXNativeTarget;
			buildConfigurationList = F1DF4BF32C9591D90021FE1D /* Build configuration list for PBXNativeTarget "MobileAppNiu" */;
			buildPhases = (
				F1DF4BCB2C9591D80021FE1D /* Sources */,
				F1DF4BCC2C9591D80021FE1D /* Frameworks */,
				F1DF4BCD2C9591D80021FE1D /* Resources */,
			);
			buildRules = (
			);
			dependencies = (
			);
			name = MobileAppNiu;
			packageProductDependencies = (
				F1DF4C162C95B8BA0021FE1D /* FirebaseAuth */,
			);
			productName = MobileAppNiu;
			productReference = F1DF4BCF2C9591D80021FE1D /* MobileAppNiu.app */;
			productType = "com.apple.product-type.application";
		};
		F1DF4BDE2C9591D90021FE1D /* MobileAppNiuTests */ = {
			isa = PBXNativeTarget;
			buildConfigurationList = F1DF4BF62C9591D90021FE1D /* Build configuration list for PBXNativeTarget "MobileAppNiuTests" */;
			buildPhases = (
				F1DF4BDB2C9591D90021FE1D /* Sources */,
				F1DF4BDC2C9591D90021FE1D /* Frameworks */,
				F1DF4BDD2C9591D90021FE1D /* Resources */,
			);
			buildRules = (
			);
			dependencies = (
				F1DF4BE12C9591D90021FE1D /* PBXTargetDependency */,
			);
			name = MobileAppNiuTests;
			productName = MobileAppNiuTests;
			productReference = F1DF4BDF2C9591D90021FE1D /* MobileAppNiuTests.xctest */;
			productType = "com.apple.product-type.bundle.unit-test";
		};
		F1DF4BE82C9591D90021FE1D /* MobileAppNiuUITests */ = {
			isa = PBXNativeTarget;
			buildConfigurationList = F1DF4BF92C9591D90021FE1D /* Build configuration list for PBXNativeTarget "MobileAppNiuUITests" */;
			buildPhases = (
				F1DF4BE52C9591D90021FE1D /* Sources */,
				F1DF4BE62C9591D90021FE1D /* Frameworks */,
				F1DF4BE72C9591D90021FE1D /* Resources */,
			);
			buildRules = (
			);
			dependencies = (
				F1DF4BEB2C9591D90021FE1D /* PBXTargetDependency */,
			);
			name = MobileAppNiuUITests;
			productName = MobileAppNiuUITests;
			productReference = F1DF4BE92C9591D90021FE1D /* MobileAppNiuUITests.xctest */;
			productType = "com.apple.product-type.bundle.ui-testing";
		};
/* End PBXNativeTarget section */

/* Begin PBXProject section */
		F1DF4BC72C9591D80021FE1D /* Project object */ = {
			isa = PBXProject;
			attributes = {
				BuildIndependentTargetsInParallel = 1;
				LastSwiftUpdateCheck = 1530;
				LastUpgradeCheck = 1600;
				TargetAttributes = {
					F1DF4BCE2C9591D80021FE1D = {
						CreatedOnToolsVersion = 15.3;
					};
					F1DF4BDE2C9591D90021FE1D = {
						CreatedOnToolsVersion = 15.3;
						TestTargetID = F1DF4BCE2C9591D80021FE1D;
					};
					F1DF4BE82C9591D90021FE1D = {
						CreatedOnToolsVersion = 15.3;
						TestTargetID = F1DF4BCE2C9591D80021FE1D;
					};
				};
			};
			buildConfigurationList = F1DF4BCA2C9591D80021FE1D /* Build configuration list for PBXProject "MobileAppNiu" */;
			compatibilityVersion = "Xcode 14.0";
			developmentRegion = en;
			hasScannedForEncodings = 0;
			knownRegions = (
				en,
				Base,
			);
			mainGroup = F1DF4BC62C9591D80021FE1D;
			packageReferences = (
				F1DF4C152C95B8BA0021FE1D /* XCRemoteSwiftPackageReference "firebase-ios-sdk" */,
			);
			productRefGroup = F1DF4BD02C9591D80021FE1D /* Products */;
			projectDirPath = "";
			projectRoot = "";
			targets = (
				F1DF4BCE2C9591D80021FE1D /* MobileAppNiu */,
				F1DF4BDE2C9591D90021FE1D /* MobileAppNiuTests */,
				F1DF4BE82C9591D90021FE1D /* MobileAppNiuUITests */,
			);
		};
/* End PBXProject section */

/* Begin PBXResourcesBuildPhase section */
		F1DF4BCD2C9591D80021FE1D /* Resources */ = {
			isa = PBXResourcesBuildPhase;
			buildActionMask = 2147483647;
			files = (
				F1DF4BDA2C9591D90021FE1D /* Preview Assets.xcassets in Resources */,
				F1DF4BD72C9591D90021FE1D /* Assets.xcassets in Resources */,
				BF0C59572C97B266000E0875 /* RedHatDisplay-Bold.ttf in Resources */,
				F1DF4C142C95B88F0021FE1D /* GoogleService-Info.plist in Resources */,
			);
			runOnlyForDeploymentPostprocessing = 0;
		};
		F1DF4BDD2C9591D90021FE1D /* Resources */ = {
			isa = PBXResourcesBuildPhase;
			buildActionMask = 2147483647;
			files = (
			);
			runOnlyForDeploymentPostprocessing = 0;
		};
		F1DF4BE72C9591D90021FE1D /* Resources */ = {
			isa = PBXResourcesBuildPhase;
			buildActionMask = 2147483647;
			files = (
			);
			runOnlyForDeploymentPostprocessing = 0;
		};
/* End PBXResourcesBuildPhase section */

/* Begin PBXSourcesBuildPhase section */
		F1DF4BCB2C9591D80021FE1D /* Sources */ = {
			isa = PBXSourcesBuildPhase;
			buildActionMask = 2147483647;
			files = (
				BF9F9B962C979ACA00B479B1 /* ColorExtensions.swift in Sources */,
				F1F28E4E2C9D248B00A82BDE /* Date+Extension.swift in Sources */,
				BFF6297B2C9BE33C0072C6CD /* HealthManager.swift in Sources */,
				BFB26D992CAD237B00E41F1B /* ObjectiveSetView.swift in Sources */,
				BF0C595E2C97BCFE000E0875 /* SuggestionsCapsules.swift in Sources */,
				F1F28E522C9DB7E700A82BDE /* BackgroundView.swift in Sources */,
				32A6B5612C96887400F48E56 /* ExplainationView.swift in Sources */,
				F1F28E642C9FB26300A82BDE /* PieHomeView.swift in Sources */,
				32A6B55F2C96886400F48E56 /* GroupingDataView.swift in Sources */,
				BF0C59652C97F7A5000E0875 /* SmallGraph.swift in Sources */,
				BFB26DA02CAD4CDB00E41F1B /* ObjectiveViewModel.swift in Sources */,
				8A4B8DFC2CAFA11E004A6BD1 /* JourneyView.swift in Sources */,
				32A6B56A2C96920B00F48E56 /* CustomNavigationBar.swift in Sources */,
				F1F28E602C9F0F8400A82BDE /* DateHomeView.swift in Sources */,
				F1DF4BD52C9591D80021FE1D /* ContentView.swift in Sources */,
				F1F28E4A2C9D1DBD00A82BDE /* CalendarView.swift in Sources */,
				F1F28E5C2C9F069400A82BDE /* PieView.swift in Sources */,
				F1DF4BD32C9591D80021FE1D /* MobileAppNiuApp.swift in Sources */,
				F16264522CB24827007157B4 /* LocationView.swift in Sources */,
				BFB26D9B2CAD4B8C00E41F1B /* DailyObjectives.swift in Sources */,
				F194148E2CA449F800B291BC /* PhotoButtonView.swift in Sources */,
				328DDD1C2C9BC1D500937126 /* ChartView.swift in Sources */,
				BF0C59672C990D6F000E0875 /* Insights.swift in Sources */,
				F1F28E582C9EFD2800A82BDE /* CircleChartView.swift in Sources */,
				BF409D6D2CA646D5000A77E5 /* ObjectiveNotification.swift in Sources */,
				F1F28E472C9D1AD700A82BDE /* SummaryBoxesView.swift in Sources */,
				F1F28E452C9D1AB400A82BDE /* SummaryBoxView.swift in Sources */,
				F1F28E562C9DBBDA00A82BDE /* LogoutView.swift in Sources */,
				BF0C59602C97E52B000E0875 /* LandscapeInfoCard.swift in Sources */,
				328DDD1E2C9BD6A900937126 /* Summary.swift in Sources */,
				BF8021A22CAD163900C9C86D /* ProfileView.swift in Sources */,
				BF0C59532C97A4D6000E0875 /* Font.swift in Sources */,
				BF0C595B2C97BB7A000E0875 /* Constants.swift in Sources */,
				F1DF4C0C2C95A21F0021FE1D /* LoginView.swift in Sources */,
				BF409D712CA64825000A77E5 /* ScoreEmojiView.swift in Sources */,
				F11A06D32CA39F6200080164 /* PhotoView.swift in Sources */,
				F1DF4C0E2C95AEE90021FE1D /* HomeView.swift in Sources */,
				F1DF4C072C95A18C0021FE1D /* AppleSignInView.swift in Sources */,
				F1A26AD12CB23BFC009B8BCA /* LocationManager.swift in Sources */,
			);
			runOnlyForDeploymentPostprocessing = 0;
		};
		F1DF4BDB2C9591D90021FE1D /* Sources */ = {
			isa = PBXSourcesBuildPhase;
			buildActionMask = 2147483647;
			files = (
				F1DF4BE42C9591D90021FE1D /* MobileAppNiuTests.swift in Sources */,
			);
			runOnlyForDeploymentPostprocessing = 0;
		};
		F1DF4BE52C9591D90021FE1D /* Sources */ = {
			isa = PBXSourcesBuildPhase;
			buildActionMask = 2147483647;
			files = (
				F1DF4BEE2C9591D90021FE1D /* MobileAppNiuUITests.swift in Sources */,
				F1DF4BF02C9591D90021FE1D /* MobileAppNiuUITestsLaunchTests.swift in Sources */,
			);
			runOnlyForDeploymentPostprocessing = 0;
		};
/* End PBXSourcesBuildPhase section */

/* Begin PBXTargetDependency section */
		F1DF4BE12C9591D90021FE1D /* PBXTargetDependency */ = {
			isa = PBXTargetDependency;
			target = F1DF4BCE2C9591D80021FE1D /* MobileAppNiu */;
			targetProxy = F1DF4BE02C9591D90021FE1D /* PBXContainerItemProxy */;
		};
		F1DF4BEB2C9591D90021FE1D /* PBXTargetDependency */ = {
			isa = PBXTargetDependency;
			target = F1DF4BCE2C9591D80021FE1D /* MobileAppNiu */;
			targetProxy = F1DF4BEA2C9591D90021FE1D /* PBXContainerItemProxy */;
		};
/* End PBXTargetDependency section */

/* Begin XCBuildConfiguration section */
		F1DF4BF12C9591D90021FE1D /* Debug */ = {
			isa = XCBuildConfiguration;
			buildSettings = {
				ALWAYS_SEARCH_USER_PATHS = NO;
				ASSETCATALOG_COMPILER_GENERATE_SWIFT_ASSET_SYMBOL_EXTENSIONS = YES;
				CLANG_ANALYZER_NONNULL = YES;
				CLANG_ANALYZER_NUMBER_OBJECT_CONVERSION = YES_AGGRESSIVE;
				CLANG_CXX_LANGUAGE_STANDARD = "gnu++20";
				CLANG_ENABLE_MODULES = YES;
				CLANG_ENABLE_OBJC_ARC = YES;
				CLANG_ENABLE_OBJC_WEAK = YES;
				CLANG_WARN_BLOCK_CAPTURE_AUTORELEASING = YES;
				CLANG_WARN_BOOL_CONVERSION = YES;
				CLANG_WARN_COMMA = YES;
				CLANG_WARN_CONSTANT_CONVERSION = YES;
				CLANG_WARN_DEPRECATED_OBJC_IMPLEMENTATIONS = YES;
				CLANG_WARN_DIRECT_OBJC_ISA_USAGE = YES_ERROR;
				CLANG_WARN_DOCUMENTATION_COMMENTS = YES;
				CLANG_WARN_EMPTY_BODY = YES;
				CLANG_WARN_ENUM_CONVERSION = YES;
				CLANG_WARN_INFINITE_RECURSION = YES;
				CLANG_WARN_INT_CONVERSION = YES;
				CLANG_WARN_NON_LITERAL_NULL_CONVERSION = YES;
				CLANG_WARN_OBJC_IMPLICIT_RETAIN_SELF = YES;
				CLANG_WARN_OBJC_LITERAL_CONVERSION = YES;
				CLANG_WARN_OBJC_ROOT_CLASS = YES_ERROR;
				CLANG_WARN_QUOTED_INCLUDE_IN_FRAMEWORK_HEADER = YES;
				CLANG_WARN_RANGE_LOOP_ANALYSIS = YES;
				CLANG_WARN_STRICT_PROTOTYPES = YES;
				CLANG_WARN_SUSPICIOUS_MOVE = YES;
				CLANG_WARN_UNGUARDED_AVAILABILITY = YES_AGGRESSIVE;
				CLANG_WARN_UNREACHABLE_CODE = YES;
				CLANG_WARN__DUPLICATE_METHOD_MATCH = YES;
				COPY_PHASE_STRIP = NO;
				DEBUG_INFORMATION_FORMAT = dwarf;
				ENABLE_STRICT_OBJC_MSGSEND = YES;
				ENABLE_TESTABILITY = YES;
				ENABLE_USER_SCRIPT_SANDBOXING = YES;
				GCC_C_LANGUAGE_STANDARD = gnu17;
				GCC_DYNAMIC_NO_PIC = NO;
				GCC_NO_COMMON_BLOCKS = YES;
				GCC_OPTIMIZATION_LEVEL = 0;
				GCC_PREPROCESSOR_DEFINITIONS = (
					"DEBUG=1",
					"$(inherited)",
				);
				GCC_WARN_64_TO_32_BIT_CONVERSION = YES;
				GCC_WARN_ABOUT_RETURN_TYPE = YES_ERROR;
				GCC_WARN_UNDECLARED_SELECTOR = YES;
				GCC_WARN_UNINITIALIZED_AUTOS = YES_AGGRESSIVE;
				GCC_WARN_UNUSED_FUNCTION = YES;
				GCC_WARN_UNUSED_VARIABLE = YES;
				IPHONEOS_DEPLOYMENT_TARGET = 17.4;
				LOCALIZATION_PREFERS_STRING_CATALOGS = YES;
				MTL_ENABLE_DEBUG_INFO = INCLUDE_SOURCE;
				MTL_FAST_MATH = YES;
				ONLY_ACTIVE_ARCH = YES;
				SDKROOT = iphoneos;
				SWIFT_ACTIVE_COMPILATION_CONDITIONS = "DEBUG $(inherited)";
				SWIFT_OPTIMIZATION_LEVEL = "-Onone";
			};
			name = Debug;
		};
		F1DF4BF22C9591D90021FE1D /* Release */ = {
			isa = XCBuildConfiguration;
			buildSettings = {
				ALWAYS_SEARCH_USER_PATHS = NO;
				ASSETCATALOG_COMPILER_GENERATE_SWIFT_ASSET_SYMBOL_EXTENSIONS = YES;
				CLANG_ANALYZER_NONNULL = YES;
				CLANG_ANALYZER_NUMBER_OBJECT_CONVERSION = YES_AGGRESSIVE;
				CLANG_CXX_LANGUAGE_STANDARD = "gnu++20";
				CLANG_ENABLE_MODULES = YES;
				CLANG_ENABLE_OBJC_ARC = YES;
				CLANG_ENABLE_OBJC_WEAK = YES;
				CLANG_WARN_BLOCK_CAPTURE_AUTORELEASING = YES;
				CLANG_WARN_BOOL_CONVERSION = YES;
				CLANG_WARN_COMMA = YES;
				CLANG_WARN_CONSTANT_CONVERSION = YES;
				CLANG_WARN_DEPRECATED_OBJC_IMPLEMENTATIONS = YES;
				CLANG_WARN_DIRECT_OBJC_ISA_USAGE = YES_ERROR;
				CLANG_WARN_DOCUMENTATION_COMMENTS = YES;
				CLANG_WARN_EMPTY_BODY = YES;
				CLANG_WARN_ENUM_CONVERSION = YES;
				CLANG_WARN_INFINITE_RECURSION = YES;
				CLANG_WARN_INT_CONVERSION = YES;
				CLANG_WARN_NON_LITERAL_NULL_CONVERSION = YES;
				CLANG_WARN_OBJC_IMPLICIT_RETAIN_SELF = YES;
				CLANG_WARN_OBJC_LITERAL_CONVERSION = YES;
				CLANG_WARN_OBJC_ROOT_CLASS = YES_ERROR;
				CLANG_WARN_QUOTED_INCLUDE_IN_FRAMEWORK_HEADER = YES;
				CLANG_WARN_RANGE_LOOP_ANALYSIS = YES;
				CLANG_WARN_STRICT_PROTOTYPES = YES;
				CLANG_WARN_SUSPICIOUS_MOVE = YES;
				CLANG_WARN_UNGUARDED_AVAILABILITY = YES_AGGRESSIVE;
				CLANG_WARN_UNREACHABLE_CODE = YES;
				CLANG_WARN__DUPLICATE_METHOD_MATCH = YES;
				COPY_PHASE_STRIP = NO;
				DEBUG_INFORMATION_FORMAT = "dwarf-with-dsym";
				ENABLE_NS_ASSERTIONS = NO;
				ENABLE_STRICT_OBJC_MSGSEND = YES;
				ENABLE_USER_SCRIPT_SANDBOXING = YES;
				GCC_C_LANGUAGE_STANDARD = gnu17;
				GCC_NO_COMMON_BLOCKS = YES;
				GCC_WARN_64_TO_32_BIT_CONVERSION = YES;
				GCC_WARN_ABOUT_RETURN_TYPE = YES_ERROR;
				GCC_WARN_UNDECLARED_SELECTOR = YES;
				GCC_WARN_UNINITIALIZED_AUTOS = YES_AGGRESSIVE;
				GCC_WARN_UNUSED_FUNCTION = YES;
				GCC_WARN_UNUSED_VARIABLE = YES;
				IPHONEOS_DEPLOYMENT_TARGET = 17.4;
				LOCALIZATION_PREFERS_STRING_CATALOGS = YES;
				MTL_ENABLE_DEBUG_INFO = NO;
				MTL_FAST_MATH = YES;
				SDKROOT = iphoneos;
				SWIFT_COMPILATION_MODE = wholemodule;
				VALIDATE_PRODUCT = YES;
			};
			name = Release;
		};
		F1DF4BF42C9591D90021FE1D /* Debug */ = {
			isa = XCBuildConfiguration;
			buildSettings = {
				ASSETCATALOG_COMPILER_APPICON_NAME = AppIcon;
				ASSETCATALOG_COMPILER_GLOBAL_ACCENT_COLOR_NAME = AccentColor;
				CODE_SIGN_ENTITLEMENTS = MobileAppNiu/MobileAppNiu.entitlements;
				CODE_SIGN_STYLE = Automatic;
				CURRENT_PROJECT_VERSION = 1;
				DEVELOPMENT_ASSET_PATHS = "\"MobileAppNiu/Preview Content\"";
				ENABLE_PREVIEWS = YES;
				GENERATE_INFOPLIST_FILE = YES;
				INFOPLIST_FILE = MobileAppNiu/Info.plist;
				INFOPLIST_KEY_LSApplicationCategoryType = NSHealthShareUsageDescription;
				INFOPLIST_KEY_NSHealthShareUsageDescription = "Please Allow Health Share Usage Access";
				INFOPLIST_KEY_NSHealthUpdateUsageDescription = "Please Allow Health Update Usage Access";
				INFOPLIST_KEY_NSLocationAlwaysAndWhenInUseUsageDescription = "Our app needs your location information to record your green time!";
				INFOPLIST_KEY_NSLocationWhenInUseUsageDescription = "Our app needs your location information to record your green time!";
				INFOPLIST_KEY_UIApplicationSceneManifest_Generation = YES;
				INFOPLIST_KEY_UIApplicationSupportsIndirectInputEvents = YES;
				INFOPLIST_KEY_UILaunchScreen_Generation = YES;
				INFOPLIST_KEY_UISupportedInterfaceOrientations_iPad = "UIInterfaceOrientationPortrait UIInterfaceOrientationPortraitUpsideDown UIInterfaceOrientationLandscapeLeft UIInterfaceOrientationLandscapeRight";
				INFOPLIST_KEY_UISupportedInterfaceOrientations_iPhone = "UIInterfaceOrientationPortrait UIInterfaceOrientationLandscapeLeft UIInterfaceOrientationLandscapeRight";
				LD_RUNPATH_SEARCH_PATHS = (
					"$(inherited)",
					"@executable_path/Frameworks",
				);
				MARKETING_VERSION = 1.0;
				PRODUCT_BUNDLE_IDENTIFIER = niuniu.MobileAppNiu;
				PRODUCT_NAME = "$(TARGET_NAME)";
				SWIFT_EMIT_LOC_STRINGS = YES;
				SWIFT_VERSION = 5.0;
				TARGETED_DEVICE_FAMILY = "1,2";
			};
			name = Debug;
		};
		F1DF4BF52C9591D90021FE1D /* Release */ = {
			isa = XCBuildConfiguration;
			buildSettings = {
				ASSETCATALOG_COMPILER_APPICON_NAME = AppIcon;
				ASSETCATALOG_COMPILER_GLOBAL_ACCENT_COLOR_NAME = AccentColor;
				CODE_SIGN_ENTITLEMENTS = MobileAppNiu/MobileAppNiu.entitlements;
				CODE_SIGN_STYLE = Automatic;
				CURRENT_PROJECT_VERSION = 1;
				DEVELOPMENT_ASSET_PATHS = "\"MobileAppNiu/Preview Content\"";
				ENABLE_PREVIEWS = YES;
				GENERATE_INFOPLIST_FILE = YES;
				INFOPLIST_FILE = MobileAppNiu/Info.plist;
				INFOPLIST_KEY_LSApplicationCategoryType = NSHealthShareUsageDescription;
				INFOPLIST_KEY_NSHealthShareUsageDescription = "Please Allow Health Share Usage Access";
				INFOPLIST_KEY_NSHealthUpdateUsageDescription = "Please Allow Health Update Usage Access";
				INFOPLIST_KEY_NSLocationAlwaysAndWhenInUseUsageDescription = "Our app needs your location information to record your green time!";
				INFOPLIST_KEY_NSLocationWhenInUseUsageDescription = "Our app needs your location information to record your green time!";
				INFOPLIST_KEY_UIApplicationSceneManifest_Generation = YES;
				INFOPLIST_KEY_UIApplicationSupportsIndirectInputEvents = YES;
				INFOPLIST_KEY_UILaunchScreen_Generation = YES;
				INFOPLIST_KEY_UISupportedInterfaceOrientations_iPad = "UIInterfaceOrientationPortrait UIInterfaceOrientationPortraitUpsideDown UIInterfaceOrientationLandscapeLeft UIInterfaceOrientationLandscapeRight";
				INFOPLIST_KEY_UISupportedInterfaceOrientations_iPhone = "UIInterfaceOrientationPortrait UIInterfaceOrientationLandscapeLeft UIInterfaceOrientationLandscapeRight";
				LD_RUNPATH_SEARCH_PATHS = (
					"$(inherited)",
					"@executable_path/Frameworks",
				);
				MARKETING_VERSION = 1.0;
				PRODUCT_BUNDLE_IDENTIFIER = niuniu.MobileAppNiu;
				PRODUCT_NAME = "$(TARGET_NAME)";
				SWIFT_EMIT_LOC_STRINGS = YES;
				SWIFT_VERSION = 5.0;
				TARGETED_DEVICE_FAMILY = "1,2";
			};
			name = Release;
		};
		F1DF4BF72C9591D90021FE1D /* Debug */ = {
			isa = XCBuildConfiguration;
			buildSettings = {
				BUNDLE_LOADER = "$(TEST_HOST)";
				CODE_SIGN_STYLE = Automatic;
				CURRENT_PROJECT_VERSION = 1;
				GENERATE_INFOPLIST_FILE = YES;
				IPHONEOS_DEPLOYMENT_TARGET = 17.4;
				MARKETING_VERSION = 1.0;
				PRODUCT_BUNDLE_IDENTIFIER = niuniu.MobileAppNiuTests;
				PRODUCT_NAME = "$(TARGET_NAME)";
				SWIFT_EMIT_LOC_STRINGS = NO;
				SWIFT_VERSION = 5.0;
				TARGETED_DEVICE_FAMILY = "1,2";
				TEST_HOST = "$(BUILT_PRODUCTS_DIR)/MobileAppNiu.app/$(BUNDLE_EXECUTABLE_FOLDER_PATH)/MobileAppNiu";
			};
			name = Debug;
		};
		F1DF4BF82C9591D90021FE1D /* Release */ = {
			isa = XCBuildConfiguration;
			buildSettings = {
				BUNDLE_LOADER = "$(TEST_HOST)";
				CODE_SIGN_STYLE = Automatic;
				CURRENT_PROJECT_VERSION = 1;
				GENERATE_INFOPLIST_FILE = YES;
				IPHONEOS_DEPLOYMENT_TARGET = 17.4;
				MARKETING_VERSION = 1.0;
				PRODUCT_BUNDLE_IDENTIFIER = niuniu.MobileAppNiuTests;
				PRODUCT_NAME = "$(TARGET_NAME)";
				SWIFT_EMIT_LOC_STRINGS = NO;
				SWIFT_VERSION = 5.0;
				TARGETED_DEVICE_FAMILY = "1,2";
				TEST_HOST = "$(BUILT_PRODUCTS_DIR)/MobileAppNiu.app/$(BUNDLE_EXECUTABLE_FOLDER_PATH)/MobileAppNiu";
			};
			name = Release;
		};
		F1DF4BFA2C9591D90021FE1D /* Debug */ = {
			isa = XCBuildConfiguration;
			buildSettings = {
				CODE_SIGN_STYLE = Automatic;
				CURRENT_PROJECT_VERSION = 1;
				GENERATE_INFOPLIST_FILE = YES;
				MARKETING_VERSION = 1.0;
				PRODUCT_BUNDLE_IDENTIFIER = niuniu.MobileAppNiuUITests;
				PRODUCT_NAME = "$(TARGET_NAME)";
				SWIFT_EMIT_LOC_STRINGS = NO;
				SWIFT_VERSION = 5.0;
				TARGETED_DEVICE_FAMILY = "1,2";
				TEST_TARGET_NAME = MobileAppNiu;
			};
			name = Debug;
		};
		F1DF4BFB2C9591D90021FE1D /* Release */ = {
			isa = XCBuildConfiguration;
			buildSettings = {
				CODE_SIGN_STYLE = Automatic;
				CURRENT_PROJECT_VERSION = 1;
				GENERATE_INFOPLIST_FILE = YES;
				MARKETING_VERSION = 1.0;
				PRODUCT_BUNDLE_IDENTIFIER = niuniu.MobileAppNiuUITests;
				PRODUCT_NAME = "$(TARGET_NAME)";
				SWIFT_EMIT_LOC_STRINGS = NO;
				SWIFT_VERSION = 5.0;
				TARGETED_DEVICE_FAMILY = "1,2";
				TEST_TARGET_NAME = MobileAppNiu;
			};
			name = Release;
		};
/* End XCBuildConfiguration section */

/* Begin XCConfigurationList section */
		F1DF4BCA2C9591D80021FE1D /* Build configuration list for PBXProject "MobileAppNiu" */ = {
			isa = XCConfigurationList;
			buildConfigurations = (
				F1DF4BF12C9591D90021FE1D /* Debug */,
				F1DF4BF22C9591D90021FE1D /* Release */,
			);
			defaultConfigurationIsVisible = 0;
			defaultConfigurationName = Release;
		};
		F1DF4BF32C9591D90021FE1D /* Build configuration list for PBXNativeTarget "MobileAppNiu" */ = {
			isa = XCConfigurationList;
			buildConfigurations = (
				F1DF4BF42C9591D90021FE1D /* Debug */,
				F1DF4BF52C9591D90021FE1D /* Release */,
			);
			defaultConfigurationIsVisible = 0;
			defaultConfigurationName = Release;
		};
		F1DF4BF62C9591D90021FE1D /* Build configuration list for PBXNativeTarget "MobileAppNiuTests" */ = {
			isa = XCConfigurationList;
			buildConfigurations = (
				F1DF4BF72C9591D90021FE1D /* Debug */,
				F1DF4BF82C9591D90021FE1D /* Release */,
			);
			defaultConfigurationIsVisible = 0;
			defaultConfigurationName = Release;
		};
		F1DF4BF92C9591D90021FE1D /* Build configuration list for PBXNativeTarget "MobileAppNiuUITests" */ = {
			isa = XCConfigurationList;
			buildConfigurations = (
				F1DF4BFA2C9591D90021FE1D /* Debug */,
				F1DF4BFB2C9591D90021FE1D /* Release */,
			);
			defaultConfigurationIsVisible = 0;
			defaultConfigurationName = Release;
		};
/* End XCConfigurationList section */

/* Begin XCRemoteSwiftPackageReference section */
		F1DF4C152C95B8BA0021FE1D /* XCRemoteSwiftPackageReference "firebase-ios-sdk" */ = {
			isa = XCRemoteSwiftPackageReference;
			repositoryURL = "https://github.com/firebase/firebase-ios-sdk";
			requirement = {
				kind = upToNextMajorVersion;
				minimumVersion = 11.2.0;
			};
		};
/* End XCRemoteSwiftPackageReference section */

/* Begin XCSwiftPackageProductDependency section */
		F1DF4C162C95B8BA0021FE1D /* FirebaseAuth */ = {
			isa = XCSwiftPackageProductDependency;
			package = F1DF4C152C95B8BA0021FE1D /* XCRemoteSwiftPackageReference "firebase-ios-sdk" */;
			productName = FirebaseAuth;
		};
/* End XCSwiftPackageProductDependency section */
	};
	rootObject = F1DF4BC72C9591D80021FE1D /* Project object */;
}
